{
  "nodes": {
    "devenv": {
      "locked": {
        "dir": "src/modules",
        "lastModified": 1779713609,
        "narHash": "sha256-4/7EQPkjP+sxfVIMLmQE9hR88C7OYC/rW0sfle++WHc=",
        "owner": "cachix",
        "repo": "devenv",
        "rev": "f8f4828d7ff470285a7805c75737026e469148a9",
        "type": "github"
      },
      "original": {
        "dir": "src/modules",
        "owner": "cachix",
        "repo": "devenv",
        "type": "github"
      }
    },
    "devenv-module-devcontainer": {
      "flake": false,
      "locked": {
        "lastModified": 1778156519,
        "narHash": "sha256-F2e14zNW91DHJ2idAiUmnPrxAPlkV5PCfsaj+hBKXzg=",
        "owner": "vasara-bpm",
        "repo": "devenv-module-devcontainer",
        "rev": "72e181b3a35559ab722a6e57b723dc86364af5b1",
        "type": "gitlab"
      },
      "original": {
        "owner": "vasara-bpm",
        "repo": "devenv-module-devcontainer",
        "type": "gitlab"
      }
    },
    "devenv-module-devcontainer-nixpkgs": {
      "locked": {
        "lastModified": 1779508470,
        "narHash": "sha256-Ap9KJX+5xHIn3bPIpfNgT6MEXdAECECwo4/rmlQD74M=",
        "owner": "nixos",
        "repo": "nixpkgs",
        "rev": "29916453413845e54a65b8a1cf996842300cd299",
        "type": "github"
      },
      "original": {
        "owner": "nixos",
        "ref": "nixos-unstable",
        "repo": "nixpkgs",
        "type": "github"
      }
    },
    "nixpkgs": {
      "locked": {
        "lastModified": 1779714713,
        "narHash": "sha256-zef3VlwvFFQac/2Hmu5nE6g4oITd11+mq6M1MWVOzDc=",
        "owner": "nixos",
        "repo": "nixpkgs",
        "rev": "40e1723c7b2875b694b64ffbf3e00210c96fe5fa",
        "type": "github"
      },
      "original": {
        "owner": "nixos",
        "ref": "master",
        "repo": "nixpkgs",
        "type": "github"
      }
    },
    "root": {
      "inputs": {
        "devenv": "devenv",
        "devenv-module-devcontainer": "devenv-module-devcontainer",
        "devenv-module-devcontainer-nixpkgs": "devenv-module-devcontainer-nixpkgs",
        "nixpkgs": "nixpkgs"
      }
    }
  },
  "root": "root",
  "version": 7
}